
Microsoft Visual Studio Solution File, Format Version 12.00
# Visual Studio 14
VisualStudioVersion = 14.0.23107.0
MinimumVisualStudioVersion = 10.0.40219.1
Project("{FAE04EC0-301F-11D3-BF4B-00C04F79EFBC}") = "BlagaUniversity", "BlagaUniversity\BlagaUniversity.csproj", "{FFCD5622-6C0A-4726-A2AF-2E0EBE813252}"
EndProject
Project("{FAE04EC0-301F-11D3-BF4B-00C04F79EFBC}") = "BlagaUniversity.Tests", "BlagaUniversity.Tests\BlagaUniversity.Tests.csproj", "{DE538DE3-5AF0-4D62-B852-B9E2F2C999D1}"
EndProject
Global
	GlobalSection(SolutionConfigurationPlatforms) = preSolution
		Debug|Any CPU = Debug|Any CPU
		Release|Any CPU = Release|Any CPU
	EndGlobalSection
	GlobalSection(ProjectConfigurationPlatforms) = postSolution
		{FFCD5622-6C0A-4726-A2AF-2E0EBE813252}.Debug|Any CPU.ActiveCfg = Debug|Any CPU
		{FFCD5622-6C0A-4726-A2AF-2E0EBE813252}.Debug|Any CPU.Build.0 = Debug|Any CPU
		{FFCD5622-6C0A-4726-A2AF-2E0EBE813252}.Release|Any CPU.ActiveCfg = Release|Any CPU
		{FFCD5622-6C0A-4726-A2AF-2E0EBE813252}.Release|Any CPU.Build.0 = Release|Any CPU
		{DE538DE3-5AF0-4D62-B852-B9E2F2C999D1}.Debug|Any CPU.ActiveCfg = Debug|Any CPU
		{DE538DE3-5AF0-4D62-B852-B9E2F2C999D1}.Debug|Any CPU.Build.0 = Debug|Any CPU
		{DE538DE3-5AF0-4D62-B852-B9E2F2C999D1}.Release|Any CPU.ActiveCfg = Release|Any CPU
		{DE538DE3-5AF0-4D62-B852-B9E2F2C999D1}.Release|Any CPU.Build.0 = Release|Any CPU
	EndGlobalSection
	GlobalSection(SolutionProperties) = preSolution
		HideSolutionNode = FALSE
	EndGlobalSection
EndGlobal
